
Microsoft Visual Studio Solution File, Format Version 12.00
# Visual Studio Version 17
VisualStudioVersion = 17.13.35919.96 d17.13
MinimumVisualStudioVersion = 10.0.40219.1
Project("{FAE04EC0-301F-11D3-BF4B-00C04F79EFBC}") = "ToDo List MVC", "ToDo List MVC\ToDo List MVC.csproj", "{37AE8C80-74E4-41B0-AF90-92867EA81FB3}"
EndProject
Global
	GlobalSection(SolutionConfigurationPlatforms) = preSolution
		Debug|Any CPU = Debug|Any CPU
		Release|Any CPU = Release|Any CPU
	EndGlobalSection
	GlobalSection(ProjectConfigurationPlatforms) = postSolution
		{37AE8C80-74E4-41B0-AF90-92867EA81FB3}.Debug|Any CPU.ActiveCfg = Debug|Any CPU
		{37AE8C80-74E4-41B0-AF90-92867EA81FB3}.Debug|Any CPU.Build.0 = Debug|Any CPU
		{37AE8C80-74E4-41B0-AF90-92867EA81FB3}.Release|Any CPU.ActiveCfg = Release|Any CPU
		{37AE8C80-74E4-41B0-AF90-92867EA81FB3}.Release|Any CPU.Build.0 = Release|Any CPU
	EndGlobalSection
	GlobalSection(SolutionProperties) = preSolution
		HideSolutionNode = FALSE
	EndGlobalSection
	GlobalSection(ExtensibilityGlobals) = postSolution
		SolutionGuid = {74E681C1-63B1-436B-A83F-6A82FE1858F9}
	EndGlobalSection
EndGlobal
